
Microsoft Visual Studio Solution File, Format Version 12.00
# Visual Studio 15
VisualStudioVersion = 15.0.26730.12
MinimumVisualStudioVersion = 10.0.40219.1
Project("{F184B08F-C81C-45F6-A57F-5ABD9991F28F}") = "clawton1bv1", "clawton1bv1\clawton1bv1.vbproj", "{A1549C7D-69F3-499F-964B-C6EC0FB67795}"
EndProject
Project("{F184B08F-C81C-45F6-A57F-5ABD9991F28F}") = "clawton1C1", "clawton1C1\clawton1C1.vbproj", "{C75ECD5A-4070-411D-8491-631D50A040FA}"
EndProject
Project("{F184B08F-C81C-45F6-A57F-5ABD9991F28F}") = "clawton1D1", "clawton1D1\clawton1D1.vbproj", "{7691698E-10E6-4345-BDAA-97C98B4DAACE}"
EndProject
Project("{F184B08F-C81C-45F6-A57F-5ABD9991F28F}") = "clawton1E1", "clawton1E1\clawton1E1.vbproj", "{6561F37D-DF96-41A1-B742-827B6202DC59}"
EndProject
Project("{F184B08F-C81C-45F6-A57F-5ABD9991F28F}") = "clawton1F1", "WindowsApp1\clawton1F1.vbproj", "{DE013EC6-0AF3-42C9-8D16-698C8CD26F76}"
EndProject
Project("{F184B08F-C81C-45F6-A57F-5ABD9991F28F}") = "clawton1G1", "clawton1G1\clawton1G1.vbproj", "{AB122B40-84FD-4EA3-8596-9DE22DC67A11}"
EndProject
Project("{F184B08F-C81C-45F6-A57F-5ABD9991F28F}") = "clawton1H1", "clawton1H1\clawton1H1.vbproj", "{D656F9E9-0BB9-4628-B9E3-1CE1447D1077}"
EndProject
Global
	GlobalSection(SolutionConfigurationPlatforms) = preSolution
		Debug|Any CPU = Debug|Any CPU
		Release|Any CPU = Release|Any CPU
	EndGlobalSection
	GlobalSection(ProjectConfigurationPlatforms) = postSolution
		{A1549C7D-69F3-499F-964B-C6EC0FB67795}.Debug|Any CPU.ActiveCfg = Debug|Any CPU
		{A1549C7D-69F3-499F-964B-C6EC0FB67795}.Debug|Any CPU.Build.0 = Debug|Any CPU
		{A1549C7D-69F3-499F-964B-C6EC0FB67795}.Release|Any CPU.ActiveCfg = Release|Any CPU
		{A1549C7D-69F3-499F-964B-C6EC0FB67795}.Release|Any CPU.Build.0 = Release|Any CPU
		{C75ECD5A-4070-411D-8491-631D50A040FA}.Debug|Any CPU.ActiveCfg = Debug|Any CPU
		{C75ECD5A-4070-411D-8491-631D50A040FA}.Debug|Any CPU.Build.0 = Debug|Any CPU
		{C75ECD5A-4070-411D-8491-631D50A040FA}.Release|Any CPU.ActiveCfg = Release|Any CPU
		{C75ECD5A-4070-411D-8491-631D50A040FA}.Release|Any CPU.Build.0 = Release|Any CPU
		{7691698E-10E6-4345-BDAA-97C98B4DAACE}.Debug|Any CPU.ActiveCfg = Debug|Any CPU
		{7691698E-10E6-4345-BDAA-97C98B4DAACE}.Debug|Any CPU.Build.0 = Debug|Any CPU
		{7691698E-10E6-4345-BDAA-97C98B4DAACE}.Release|Any CPU.ActiveCfg = Release|Any CPU
		{7691698E-10E6-4345-BDAA-97C98B4DAACE}.Release|Any CPU.Build.0 = Release|Any CPU
		{6561F37D-DF96-41A1-B742-827B6202DC59}.Debug|Any CPU.ActiveCfg = Debug|Any CPU
		{6561F37D-DF96-41A1-B742-827B6202DC59}.Debug|Any CPU.Build.0 = Debug|Any CPU
		{6561F37D-DF96-41A1-B742-827B6202DC59}.Release|Any CPU.ActiveCfg = Release|Any CPU
		{6561F37D-DF96-41A1-B742-827B6202DC59}.Release|Any CPU.Build.0 = Release|Any CPU
		{DE013EC6-0AF3-42C9-8D16-698C8CD26F76}.Debug|Any CPU.ActiveCfg = Debug|Any CPU
		{DE013EC6-0AF3-42C9-8D16-698C8CD26F76}.Debug|Any CPU.Build.0 = Debug|Any CPU
		{DE013EC6-0AF3-42C9-8D16-698C8CD26F76}.Release|Any CPU.ActiveCfg = Release|Any CPU
		{DE013EC6-0AF3-42C9-8D16-698C8CD26F76}.Release|Any CPU.Build.0 = Release|Any CPU
		{AB122B40-84FD-4EA3-8596-9DE22DC67A11}.Debug|Any CPU.ActiveCfg = Debug|Any CPU
		{AB122B40-84FD-4EA3-8596-9DE22DC67A11}.Debug|Any CPU.Build.0 = Debug|Any CPU
		{AB122B40-84FD-4EA3-8596-9DE22DC67A11}.Release|Any CPU.ActiveCfg = Release|Any CPU
		{AB122B40-84FD-4EA3-8596-9DE22DC67A11}.Release|Any CPU.Build.0 = Release|Any CPU
		{D656F9E9-0BB9-4628-B9E3-1CE1447D1077}.Debug|Any CPU.ActiveCfg = Debug|Any CPU
		{D656F9E9-0BB9-4628-B9E3-1CE1447D1077}.Debug|Any CPU.Build.0 = Debug|Any CPU
		{D656F9E9-0BB9-4628-B9E3-1CE1447D1077}.Release|Any CPU.ActiveCfg = Release|Any CPU
		{D656F9E9-0BB9-4628-B9E3-1CE1447D1077}.Release|Any CPU.Build.0 = Release|Any CPU
	EndGlobalSection
	GlobalSection(SolutionProperties) = preSolution
		HideSolutionNode = FALSE
	EndGlobalSection
	GlobalSection(ExtensibilityGlobals) = postSolution
		SolutionGuid = {1ED614D9-DB74-4427-A26C-7EF52D032024}
	EndGlobalSection
EndGlobal
