
Microsoft Visual Studio Solution File, Format Version 12.00
# Visual Studio 15
VisualStudioVersion = 15.0.26730.8
MinimumVisualStudioVersion = 10.0.40219.1
Project("{F184B08F-C81C-45F6-A57F-5ABD9991F28F}") = "clawton1bv1", "clawton1bv1\clawton1bv1.vbproj", "{A1549C7D-69F3-499F-964B-C6EC0FB67795}"
EndProject
Project("{F184B08F-C81C-45F6-A57F-5ABD9991F28F}") = "clawton1C1", "clawton1C1\clawton1C1.vbproj", "{C75ECD5A-4070-411D-8491-631D50A040FA}"
EndProject
Project("{F184B08F-C81C-45F6-A57F-5ABD9991F28F}") = "clawton1D1", "clawton1D1\clawton1D1.vbproj", "{7691698E-10E6-4345-BDAA-97C98B4DAACE}"
EndProject
Global
	GlobalSection(SolutionConfigurationPlatforms) = preSolution
		Debug|Any CPU = Debug|Any CPU
		Release|Any CPU = Release|Any CPU
	EndGlobalSection
	GlobalSection(ProjectConfigurationPlatforms) = postSolution
		{A1549C7D-69F3-499F-964B-C6EC0FB67795}.Debug|Any CPU.ActiveCfg = Debug|Any CPU
		{A1549C7D-69F3-499F-964B-C6EC0FB67795}.Debug|Any CPU.Build.0 = Debug|Any CPU
		{A1549C7D-69F3-499F-964B-C6EC0FB67795}.Release|Any CPU.ActiveCfg = Release|Any CPU
		{A1549C7D-69F3-499F-964B-C6EC0FB67795}.Release|Any CPU.Build.0 = Release|Any CPU
		{C75ECD5A-4070-411D-8491-631D50A040FA}.Debug|Any CPU.ActiveCfg = Debug|Any CPU
		{C75ECD5A-4070-411D-8491-631D50A040FA}.Debug|Any CPU.Build.0 = Debug|Any CPU
		{C75ECD5A-4070-411D-8491-631D50A040FA}.Release|Any CPU.ActiveCfg = Release|Any CPU
		{C75ECD5A-4070-411D-8491-631D50A040FA}.Release|Any CPU.Build.0 = Release|Any CPU
		{7691698E-10E6-4345-BDAA-97C98B4DAACE}.Debug|Any CPU.ActiveCfg = Debug|Any CPU
		{7691698E-10E6-4345-BDAA-97C98B4DAACE}.Debug|Any CPU.Build.0 = Debug|Any CPU
		{7691698E-10E6-4345-BDAA-97C98B4DAACE}.Release|Any CPU.ActiveCfg = Release|Any CPU
		{7691698E-10E6-4345-BDAA-97C98B4DAACE}.Release|Any CPU.Build.0 = Release|Any CPU
	EndGlobalSection
	GlobalSection(SolutionProperties) = preSolution
		HideSolutionNode = FALSE
	EndGlobalSection
	GlobalSection(ExtensibilityGlobals) = postSolution
		SolutionGuid = {1ED614D9-DB74-4427-A26C-7EF52D032024}
	EndGlobalSection
EndGlobal
